# This file is automatically @generated by Cargo.
# It is not intended for manual editing.
version = 4

[[package]]
name = "atomic-waker"
version = "1.1.2"
source = "registry+https://github.com/rust-lang/crates.io-index"
checksum = "1505bd5d3d116872e7271a6d4e16d81d0c8570876c8de68093a09ac269d8aac0"

[[package]]
name = "fastrand"
version = "2.3.0"
source = "registry+https://github.com/rust-lang/crates.io-index"
checksum = "37909eebbb50d72f9059c3b6d82c0463f2ff062c9e95845c43a6c9c0355411be"

[[package]]
name = "futures-io"
version = "0.3.31"
source = "registry+https://github.com/rust-lang/crates.io-index"
checksum = "9e5c1b78ca4aae1ac06c48a526a655760685149f0d465d21f37abfe57ce075c6"

[[package]]
name = "piper"
version = "0.1.0"
dependencies = [
 "atomic-waker",
 "futures-io",
 "piper 0.2.4",
]

[[package]]
name = "piper"
version = "0.2.4"
source = "registry+https://github.com/rust-lang/crates.io-index"
checksum = "96c8c490f422ef9a4efd2cb5b42b76c8613d7e7dfc1caf667b8a3350a5acc066"
dependencies = [
 "atomic-waker",
 "fastrand",
 "futures-io",
]
